// !$*UTF8*$!
{
	archiveVersion = 1;
	classes = {
	};
	objectVersion = 56;
	objects = {

/* Begin PBXBuildFile section */
		952B0DF329BA1F22000E94EA /* AppDelegate.swift in Sources */ = {isa = PBXBuildFile; fileRef = 952B0DF229BA1F22000E94EA /* AppDelegate.swift */; };
		952B0DF529BA1F22000E94EA /* SceneDelegate.swift in Sources */ = {isa = PBXBuildFile; fileRef = 952B0DF429BA1F22000E94EA /* SceneDelegate.swift */; };
		952B0DF729BA1F22000E94EA /* ViewController.swift in Sources */ = {isa = PBXBuildFile; fileRef = 952B0DF629BA1F22000E94EA /* ViewController.swift */; };
		952B0DFA29BA1F22000E94EA /* Main.storyboard in Resources */ = {isa = PBXBuildFile; fileRef = 952B0DF829BA1F22000E94EA /* Main.storyboard */; };
		952B0DFC29BA1F23000E94EA /* Assets.xcassets in Resources */ = {isa = PBXBuildFile; fileRef = 952B0DFB29BA1F23000E94EA /* Assets.xcassets */; };
		952B0DFF29BA1F23000E94EA /* LaunchScreen.storyboard in Resources */ = {isa = PBXBuildFile; fileRef = 952B0DFD29BA1F23000E94EA /* LaunchScreen.storyboard */; };
		952B0E0A29BA1F23000E94EA /* ImdbSumitTests.swift in Sources */ = {isa = PBXBuildFile; fileRef = 952B0E0929BA1F23000E94EA /* ImdbSumitTests.swift */; };
		952B0E1429BA1F23000E94EA /* ImdbSumitUITests.swift in Sources */ = {isa = PBXBuildFile; fileRef = 952B0E1329BA1F23000E94EA /* ImdbSumitUITests.swift */; };
		952B0E1629BA1F23000E94EA /* ImdbSumitUITestsLaunchTests.swift in Sources */ = {isa = PBXBuildFile; fileRef = 952B0E1529BA1F23000E94EA /* ImdbSumitUITestsLaunchTests.swift */; };
/* End PBXBuildFile section */

/* Begin PBXContainerItemProxy section */
		952B0E0629BA1F23000E94EA /* PBXContainerItemProxy */ = {
			isa = PBXContainerItemProxy;
			containerPortal = 952B0DE729BA1F22000E94EA /* Project object */;
			proxyType = 1;
			remoteGlobalIDString = 952B0DEE29BA1F22000E94EA;
			remoteInfo = ImdbSumit;
		};
		952B0E1029BA1F23000E94EA /* PBXContainerItemProxy */ = {
			isa = PBXContainerItemProxy;
			containerPortal = 952B0DE729BA1F22000E94EA /* Project object */;
			proxyType = 1;
			remoteGlobalIDString = 952B0DEE29BA1F22000E94EA;
			remoteInfo = ImdbSumit;
		};
/* End PBXContainerItemProxy section */

/* Begin PBXFileReference section */
		952B0DEF29BA1F22000E94EA /* ImdbSumit.app */ = {isa = PBXFileReference; explicitFileType = wrapper.application; includeInIndex = 0; path = ImdbSumit.app; sourceTree = BUILT_PRODUCTS_DIR; };
		952B0DF229BA1F22000E94EA /* AppDelegate.swift */ = {isa = PBXFileReference; lastKnownFileType = sourcecode.swift; path = AppDelegate.swift; sourceTree = "<group>"; };
		952B0DF429BA1F22000E94EA /* SceneDelegate.swift */ = {isa = PBXFileReference; lastKnownFileType = sourcecode.swift; path = SceneDelegate.swift; sourceTree = "<group>"; };
		952B0DF629BA1F22000E94EA /* ViewController.swift */ = {isa = PBXFileReference; lastKnownFileType = sourcecode.swift; path = ViewController.swift; sourceTree = "<group>"; };
		952B0DF929BA1F22000E94EA /* Base */ = {isa = PBXFileReference; lastKnownFileType = file.storyboard; name = Base; path = Base.lproj/Main.storyboard; sourceTree = "<group>"; };
		952B0DFB29BA1F23000E94EA /* Assets.xcassets */ = {isa = PBXFileReference; lastKnownFileType = folder.assetcatalog; path = Assets.xcassets; sourceTree = "<group>"; };
		952B0DFE29BA1F23000E94EA /* Base */ = {isa = PBXFileReference; lastKnownFileType = file.storyboard; name = Base; path = Base.lproj/LaunchScreen.storyboard; sourceTree = "<group>"; };
		952B0E0029BA1F23000E94EA /* Info.plist */ = {isa = PBXFileReference; lastKnownFileType = text.plist.xml; path = Info.plist; sourceTree = "<group>"; };
		952B0E0529BA1F23000E94EA /* ImdbSumitTests.xctest */ = {isa = PBXFileReference; explicitFileType = wrapper.cfbundle; includeInIndex = 0; path = ImdbSumitTests.xctest; sourceTree = BUILT_PRODUCTS_DIR; };
		952B0E0929BA1F23000E94EA /* ImdbSumitTests.swift */ = {isa = PBXFileReference; lastKnownFileType = sourcecode.swift; path = ImdbSumitTests.swift; sourceTree = "<group>"; };
		952B0E0F29BA1F23000E94EA /* ImdbSumitUITests.xctest */ = {isa = PBXFileReference; explicitFileType = wrapper.cfbundle; includeInIndex = 0; path = ImdbSumitUITests.xctest; sourceTree = BUILT_PRODUCTS_DIR; };
		952B0E1329BA1F23000E94EA /* ImdbSumitUITests.swift */ = {isa = PBXFileReference; lastKnownFileType = sourcecode.swift; path = ImdbSumitUITests.swift; sourceTree = "<group>"; };
		952B0E1529BA1F23000E94EA /* ImdbSumitUITestsLaunchTests.swift */ = {isa = PBXFileReference; lastKnownFileType = sourcecode.swift; path = ImdbSumitUITestsLaunchTests.swift; sourceTree = "<group>"; };
/* End PBXFileReference section */

/* Begin PBXFrameworksBuildPhase section */
		952B0DEC29BA1F22000E94EA /* Frameworks */ = {
			isa = PBXFrameworksBuildPhase;
			buildActionMask = 2147483647;
			files = (
			);
			runOnlyForDeploymentPostprocessing = 0;
		};
		952B0E0229BA1F23000E94EA /* Frameworks */ = {
			isa = PBXFrameworksBuildPhase;
			buildActionMask = 2147483647;
			files = (
			);
			runOnlyForDeploymentPostprocessing = 0;
		};
		952B0E0C29BA1F23000E94EA /* Frameworks */ = {
			isa = PBXFrameworksBuildPhase;
			buildActionMask = 2147483647;
			files = (
			);
			runOnlyForDeploymentPostprocessing = 0;
		};
/* End PBXFrameworksBuildPhase section */

/* Begin PBXGroup section */
		952B0DE629BA1F22000E94EA = {
			isa = PBXGroup;
			children = (
				952B0DF129BA1F22000E94EA /* ImdbSumit */,
				952B0E0829BA1F23000E94EA /* ImdbSumitTests */,
				952B0E1229BA1F23000E94EA /* ImdbSumitUITests */,
				952B0DF029BA1F22000E94EA /* Products */,
			);
			sourceTree = "<group>";
		};
		952B0DF029BA1F22000E94EA /* Products */ = {
			isa = PBXGroup;
			children = (
				952B0DEF29BA1F22000E94EA /* ImdbSumit.app */,
				952B0E0529BA1F23000E94EA /* ImdbSumitTests.xctest */,
				952B0E0F29BA1F23000E94EA /* ImdbSumitUITests.xctest */,
			);
			name = Products;
			sourceTree = "<group>";
		};
		952B0DF129BA1F22000E94EA /* ImdbSumit */ = {
			isa = PBXGroup;
			children = (
				952B0DF229BA1F22000E94EA /* AppDelegate.swift */,
				952B0DF429BA1F22000E94EA /* SceneDelegate.swift */,
				952B0DF629BA1F22000E94EA /* ViewController.swift */,
				952B0DF829BA1F22000E94EA /* Main.storyboard */,
				952B0DFB29BA1F23000E94EA /* Assets.xcassets */,
				952B0DFD29BA1F23000E94EA /* LaunchScreen.storyboard */,
				952B0E0029BA1F23000E94EA /* Info.plist */,
			);
			path = ImdbSumit;
			sourceTree = "<group>";
		};
		952B0E0829BA1F23000E94EA /* ImdbSumitTests */ = {
			isa = PBXGroup;
			children = (
				952B0E0929BA1F23000E94EA /* ImdbSumitTests.swift */,
			);
			path = ImdbSumitTests;
			sourceTree = "<group>";
		};
		952B0E1229BA1F23000E94EA /* ImdbSumitUITests */ = {
			isa = PBXGroup;
			children = (
				952B0E1329BA1F23000E94EA /* ImdbSumitUITests.swift */,
				952B0E1529BA1F23000E94EA /* ImdbSumitUITestsLaunchTests.swift */,
			);
			path = ImdbSumitUITests;
			sourceTree = "<group>";
		};
/* End PBXGroup section */

/* Begin PBXNativeTarget section */
		952B0DEE29BA1F22000E94EA /* ImdbSumit */ = {
			isa = PBXNativeTarget;
			buildConfigurationList = 952B0E1929BA1F23000E94EA /* Build configuration list for PBXNativeTarget "ImdbSumit" */;
			buildPhases = (
				952B0DEB29BA1F22000E94EA /* Sources */,
				952B0DEC29BA1F22000E94EA /* Frameworks */,
				952B0DED29BA1F22000E94EA /* Resources */,
			);
			buildRules = (
			);
			dependencies = (
			);
			name = ImdbSumit;
			productName = ImdbSumit;
			productReference = 952B0DEF29BA1F22000E94EA /* ImdbSumit.app */;
			productType = "com.apple.product-type.application";
		};
		952B0E0429BA1F23000E94EA /* ImdbSumitTests */ = {
			isa = PBXNativeTarget;
			buildConfigurationList = 952B0E1C29BA1F23000E94EA /* Build configuration list for PBXNativeTarget "ImdbSumitTests" */;
			buildPhases = (
				952B0E0129BA1F23000E94EA /* Sources */,
				952B0E0229BA1F23000E94EA /* Frameworks */,
				952B0E0329BA1F23000E94EA /* Resources */,
			);
			buildRules = (
			);
			dependencies = (
				952B0E0729BA1F23000E94EA /* PBXTargetDependency */,
			);
			name = ImdbSumitTests;
			productName = ImdbSumitTests;
			productReference = 952B0E0529BA1F23000E94EA /* ImdbSumitTests.xctest */;
			productType = "com.apple.product-type.bundle.unit-test";
		};
		952B0E0E29BA1F23000E94EA /* ImdbSumitUITests */ = {
			isa = PBXNativeTarget;
			buildConfigurationList = 952B0E1F29BA1F23000E94EA /* Build configuration list for PBXNativeTarget "ImdbSumitUITests" */;
			buildPhases = (
				952B0E0B29BA1F23000E94EA /* Sources */,
				952B0E0C29BA1F23000E94EA /* Frameworks */,
				952B0E0D29BA1F23000E94EA /* Resources */,
			);
			buildRules = (
			);
			dependencies = (
				952B0E1129BA1F23000E94EA /* PBXTargetDependency */,
			);
			name = ImdbSumitUITests;
			productName = ImdbSumitUITests;
			productReference = 952B0E0F29BA1F23000E94EA /* ImdbSumitUITests.xctest */;
			productType = "com.apple.product-type.bundle.ui-testing";
		};
/* End PBXNativeTarget section */

/* Begin PBXProject section */
		952B0DE729BA1F22000E94EA /* Project object */ = {
			isa = PBXProject;
			attributes = {
				BuildIndependentTargetsInParallel = 1;
				LastSwiftUpdateCheck = 1410;
				LastUpgradeCheck = 1410;
				TargetAttributes = {
					952B0DEE29BA1F22000E94EA = {
						CreatedOnToolsVersion = 14.1;
					};
					952B0E0429BA1F23000E94EA = {
						CreatedOnToolsVersion = 14.1;
						TestTargetID = 952B0DEE29BA1F22000E94EA;
					};
					952B0E0E29BA1F23000E94EA = {
						CreatedOnToolsVersion = 14.1;
						TestTargetID = 952B0DEE29BA1F22000E94EA;
					};
				};
			};
			buildConfigurationList = 952B0DEA29BA1F22000E94EA /* Build configuration list for PBXProject "ImdbSumit" */;
			compatibilityVersion = "Xcode 14.0";
			developmentRegion = en;
			hasScannedForEncodings = 0;
			knownRegions = (
				en,
				Base,
			);
			mainGroup = 952B0DE629BA1F22000E94EA;
			productRefGroup = 952B0DF029BA1F22000E94EA /* Products */;
			projectDirPath = "";
			projectRoot = "";
			targets = (
				952B0DEE29BA1F22000E94EA /* ImdbSumit */,
				952B0E0429BA1F23000E94EA /* ImdbSumitTests */,
				952B0E0E29BA1F23000E94EA /* ImdbSumitUITests */,
			);
		};
/* End PBXProject section */

/* Begin PBXResourcesBuildPhase section */
		952B0DED29BA1F22000E94EA /* Resources */ = {
			isa = PBXResourcesBuildPhase;
			buildActionMask = 2147483647;
			files = (
				952B0DFF29BA1F23000E94EA /* LaunchScreen.storyboard in Resources */,
				952B0DFC29BA1F23000E94EA /* Assets.xcassets in Resources */,
				952B0DFA29BA1F22000E94EA /* Main.storyboard in Resources */,
			);
			runOnlyForDeploymentPostprocessing = 0;
		};
		952B0E0329BA1F23000E94EA /* Resources */ = {
			isa = PBXResourcesBuildPhase;
			buildActionMask = 2147483647;
			files = (
			);
			runOnlyForDeploymentPostprocessing = 0;
		};
		952B0E0D29BA1F23000E94EA /* Resources */ = {
			isa = PBXResourcesBuildPhase;
			buildActionMask = 2147483647;
			files = (
			);
			runOnlyForDeploymentPostprocessing = 0;
		};
/* End PBXResourcesBuildPhase section */

/* Begin PBXSourcesBuildPhase section */
		952B0DEB29BA1F22000E94EA /* Sources */ = {
			isa = PBXSourcesBuildPhase;
			buildActionMask = 2147483647;
			files = (
				952B0DF729BA1F22000E94EA /* ViewController.swift in Sources */,
				952B0DF329BA1F22000E94EA /* AppDelegate.swift in Sources */,
				952B0DF529BA1F22000E94EA /* SceneDelegate.swift in Sources */,
			);
			runOnlyForDeploymentPostprocessing = 0;
		};
		952B0E0129BA1F23000E94EA /* Sources */ = {
			isa = PBXSourcesBuildPhase;
			buildActionMask = 2147483647;
			files = (
				952B0E0A29BA1F23000E94EA /* ImdbSumitTests.swift in Sources */,
			);
			runOnlyForDeploymentPostprocessing = 0;
		};
		952B0E0B29BA1F23000E94EA /* Sources */ = {
			isa = PBXSourcesBuildPhase;
			buildActionMask = 2147483647;
			files = (
				952B0E1429BA1F23000E94EA /* ImdbSumitUITests.swift in Sources */,
				952B0E1629BA1F23000E94EA /* ImdbSumitUITestsLaunchTests.swift in Sources */,
			);
			runOnlyForDeploymentPostprocessing = 0;
		};
/* End PBXSourcesBuildPhase section */

/* Begin PBXTargetDependency section */
		952B0E0729BA1F23000E94EA /* PBXTargetDependency */ = {
			isa = PBXTargetDependency;
			target = 952B0DEE29BA1F22000E94EA /* ImdbSumit */;
			targetProxy = 952B0E0629BA1F23000E94EA /* PBXContainerItemProxy */;
		};
		952B0E1129BA1F23000E94EA /* PBXTargetDependency */ = {
			isa = PBXTargetDependency;
			target = 952B0DEE29BA1F22000E94EA /* ImdbSumit */;
			targetProxy = 952B0E1029BA1F23000E94EA /* PBXContainerItemProxy */;
		};
/* End PBXTargetDependency section */

/* Begin PBXVariantGroup section */
		952B0DF829BA1F22000E94EA /* Main.storyboard */ = {
			isa = PBXVariantGroup;
			children = (
				952B0DF929BA1F22000E94EA /* Base */,
			);
			name = Main.storyboard;
			sourceTree = "<group>";
		};
		952B0DFD29BA1F23000E94EA /* LaunchScreen.storyboard */ = {
			isa = PBXVariantGroup;
			children = (
				952B0DFE29BA1F23000E94EA /* Base */,
			);
			name = LaunchScreen.storyboard;
			sourceTree = "<group>";
		};
/* End PBXVariantGroup section */

/* Begin XCBuildConfiguration section */
		952B0E1729BA1F23000E94EA /* Debug */ = {
			isa = XCBuildConfiguration;
			buildSettings = {
				ALWAYS_SEARCH_USER_PATHS = NO;
				CLANG_ANALYZER_NONNULL = YES;
				CLANG_ANALYZER_NUMBER_OBJECT_CONVERSION = YES_AGGRESSIVE;
				CLANG_CXX_LANGUAGE_STANDARD = "gnu++20";
				CLANG_ENABLE_MODULES = YES;
				CLANG_ENABLE_OBJC_ARC = YES;
				CLANG_ENABLE_OBJC_WEAK = YES;
				CLANG_WARN_BLOCK_CAPTURE_AUTORELEASING = YES;
				CLANG_WARN_BOOL_CONVERSION = YES;
				CLANG_WARN_COMMA = YES;
				CLANG_WARN_CONSTANT_CONVERSION = YES;
				CLANG_WARN_DEPRECATED_OBJC_IMPLEMENTATIONS = YES;
				CLANG_WARN_DIRECT_OBJC_ISA_USAGE = YES_ERROR;
				CLANG_WARN_DOCUMENTATION_COMMENTS = YES;
				CLANG_WARN_EMPTY_BODY = YES;
				CLANG_WARN_ENUM_CONVERSION = YES;
				CLANG_WARN_INFINITE_RECURSION = YES;
				CLANG_WARN_INT_CONVERSION = YES;
				CLANG_WARN_NON_LITERAL_NULL_CONVERSION = YES;
				CLANG_WARN_OBJC_IMPLICIT_RETAIN_SELF = YES;
				CLANG_WARN_OBJC_LITERAL_CONVERSION = YES;
				CLANG_WARN_OBJC_ROOT_CLASS = YES_ERROR;
				CLANG_WARN_QUOTED_INCLUDE_IN_FRAMEWORK_HEADER = YES;
				CLANG_WARN_RANGE_LOOP_ANALYSIS = YES;
				CLANG_WARN_STRICT_PROTOTYPES = YES;
				CLANG_WARN_SUSPICIOUS_MOVE = YES;
				CLANG_WARN_UNGUARDED_AVAILABILITY = YES_AGGRESSIVE;
				CLANG_WARN_UNREACHABLE_CODE = YES;
				CLANG_WARN__DUPLICATE_METHOD_MATCH = YES;
				COPY_PHASE_STRIP = NO;
				DEBUG_INFORMATION_FORMAT = dwarf;
				ENABLE_STRICT_OBJC_MSGSEND = YES;
				ENABLE_TESTABILITY = YES;
				GCC_C_LANGUAGE_STANDARD = gnu11;
				GCC_DYNAMIC_NO_PIC = NO;
				GCC_NO_COMMON_BLOCKS = YES;
				GCC_OPTIMIZATION_LEVEL = 0;
				GCC_PREPROCESSOR_DEFINITIONS = (
					"DEBUG=1",
					"$(inherited)",
				);
				GCC_WARN_64_TO_32_BIT_CONVERSION = YES;
				GCC_WARN_ABOUT_RETURN_TYPE = YES_ERROR;
				GCC_WARN_UNDECLARED_SELECTOR = YES;
				GCC_WARN_UNINITIALIZED_AUTOS = YES_AGGRESSIVE;
				GCC_WARN_UNUSED_FUNCTION = YES;
				GCC_WARN_UNUSED_VARIABLE = YES;
				IPHONEOS_DEPLOYMENT_TARGET = 16.1;
				MTL_ENABLE_DEBUG_INFO = INCLUDE_SOURCE;
				MTL_FAST_MATH = YES;
				ONLY_ACTIVE_ARCH = YES;
				SDKROOT = iphoneos;
				SWIFT_ACTIVE_COMPILATION_CONDITIONS = DEBUG;
				SWIFT_OPTIMIZATION_LEVEL = "-Onone";
			};
			name = Debug;
		};
		952B0E1829BA1F23000E94EA /* Release */ = {
			isa = XCBuildConfiguration;
			buildSettings = {
				ALWAYS_SEARCH_USER_PATHS = NO;
				CLANG_ANALYZER_NONNULL = YES;
				CLANG_ANALYZER_NUMBER_OBJECT_CONVERSION = YES_AGGRESSIVE;
				CLANG_CXX_LANGUAGE_STANDARD = "gnu++20";
				CLANG_ENABLE_MODULES = YES;
				CLANG_ENABLE_OBJC_ARC = YES;
				CLANG_ENABLE_OBJC_WEAK = YES;
				CLANG_WARN_BLOCK_CAPTURE_AUTORELEASING = YES;
				CLANG_WARN_BOOL_CONVERSION = YES;
				CLANG_WARN_COMMA = YES;
				CLANG_WARN_CONSTANT_CONVERSION = YES;
				CLANG_WARN_DEPRECATED_OBJC_IMPLEMENTATIONS = YES;
				CLANG_WARN_DIRECT_OBJC_ISA_USAGE = YES_ERROR;
				CLANG_WARN_DOCUMENTATION_COMMENTS = YES;
				CLANG_WARN_EMPTY_BODY = YES;
				CLANG_WARN_ENUM_CONVERSION = YES;
				CLANG_WARN_INFINITE_RECURSION = YES;
				CLANG_WARN_INT_CONVERSION = YES;
				CLANG_WARN_NON_LITERAL_NULL_CONVERSION = YES;
				CLANG_WARN_OBJC_IMPLICIT_RETAIN_SELF = YES;
				CLANG_WARN_OBJC_LITERAL_CONVERSION = YES;
				CLANG_WARN_OBJC_ROOT_CLASS = YES_ERROR;
				CLANG_WARN_QUOTED_INCLUDE_IN_FRAMEWORK_HEADER = YES;
				CLANG_WARN_RANGE_LOOP_ANALYSIS = YES;
				CLANG_WARN_STRICT_PROTOTYPES = YES;
				CLANG_WARN_SUSPICIOUS_MOVE = YES;
				CLANG_WARN_UNGUARDED_AVAILABILITY = YES_AGGRESSIVE;
				CLANG_WARN_UNREACHABLE_CODE = YES;
				CLANG_WARN__DUPLICATE_METHOD_MATCH = YES;
				COPY_PHASE_STRIP = NO;
				DEBUG_INFORMATION_FORMAT = "dwarf-with-dsym";
				ENABLE_NS_ASSERTIONS = NO;
				ENABLE_STRICT_OBJC_MSGSEND = YES;
				GCC_C_LANGUAGE_STANDARD = gnu11;
				GCC_NO_COMMON_BLOCKS = YES;
				GCC_WARN_64_TO_32_BIT_CONVERSION = YES;
				GCC_WARN_ABOUT_RETURN_TYPE = YES_ERROR;
				GCC_WARN_UNDECLARED_SELECTOR = YES;
				GCC_WARN_UNINITIALIZED_AUTOS = YES_AGGRESSIVE;
				GCC_WARN_UNUSED_FUNCTION = YES;
				GCC_WARN_UNUSED_VARIABLE = YES;
				IPHONEOS_DEPLOYMENT_TARGET = 16.1;
				MTL_ENABLE_DEBUG_INFO = NO;
				MTL_FAST_MATH = YES;
				SDKROOT = iphoneos;
				SWIFT_COMPILATION_MODE = wholemodule;
				SWIFT_OPTIMIZATION_LEVEL = "-O";
				VALIDATE_PRODUCT = YES;
			};
			name = Release;
		};
		952B0E1A29BA1F23000E94EA /* Debug */ = {
			isa = XCBuildConfiguration;
			buildSettings = {
				ASSETCATALOG_COMPILER_APPICON_NAME = AppIcon;
				ASSETCATALOG_COMPILER_GLOBAL_ACCENT_COLOR_NAME = AccentColor;
				CODE_SIGN_STYLE = Automatic;
				CURRENT_PROJECT_VERSION = 1;
				DEVELOPMENT_TEAM = 8RJZHK334B;
				GENERATE_INFOPLIST_FILE = YES;
				INFOPLIST_FILE = ImdbSumit/Info.plist;
				INFOPLIST_KEY_UIApplicationSupportsIndirectInputEvents = YES;
				INFOPLIST_KEY_UILaunchStoryboardName = LaunchScreen;
				INFOPLIST_KEY_UIMainStoryboardFile = Main;
				INFOPLIST_KEY_UISupportedInterfaceOrientations_iPad = "UIInterfaceOrientationPortrait UIInterfaceOrientationPortraitUpsideDown UIInterfaceOrientationLandscapeLeft UIInterfaceOrientationLandscapeRight";
				INFOPLIST_KEY_UISupportedInterfaceOrientations_iPhone = "UIInterfaceOrientationPortrait UIInterfaceOrientationLandscapeLeft UIInterfaceOrientationLandscapeRight";
				LD_RUNPATH_SEARCH_PATHS = (
					"$(inherited)",
					"@executable_path/Frameworks",
				);
				MARKETING_VERSION = 1.0;
				PRODUCT_BUNDLE_IDENTIFIER = com.sumit.ImdbSumit;
				PRODUCT_NAME = "$(TARGET_NAME)";
				SWIFT_EMIT_LOC_STRINGS = YES;
				SWIFT_VERSION = 5.0;
				TARGETED_DEVICE_FAMILY = "1,2";
			};
			name = Debug;
		};
		952B0E1B29BA1F23000E94EA /* Release */ = {
			isa = XCBuildConfiguration;
			buildSettings = {
				ASSETCATALOG_COMPILER_APPICON_NAME = AppIcon;
				ASSETCATALOG_COMPILER_GLOBAL_ACCENT_COLOR_NAME = AccentColor;
				CODE_SIGN_STYLE = Automatic;
				CURRENT_PROJECT_VERSION = 1;
				DEVELOPMENT_TEAM = 8RJZHK334B;
				GENERATE_INFOPLIST_FILE = YES;
				INFOPLIST_FILE = ImdbSumit/Info.plist;
				INFOPLIST_KEY_UIApplicationSupportsIndirectInputEvents = YES;
				INFOPLIST_KEY_UILaunchStoryboardName = LaunchScreen;
				INFOPLIST_KEY_UIMainStoryboardFile = Main;
				INFOPLIST_KEY_UISupportedInterfaceOrientations_iPad = "UIInterfaceOrientationPortrait UIInterfaceOrientationPortraitUpsideDown UIInterfaceOrientationLandscapeLeft UIInterfaceOrientationLandscapeRight";
				INFOPLIST_KEY_UISupportedInterfaceOrientations_iPhone = "UIInterfaceOrientationPortrait UIInterfaceOrientationLandscapeLeft UIInterfaceOrientationLandscapeRight";
				LD_RUNPATH_SEARCH_PATHS = (
					"$(inherited)",
					"@executable_path/Frameworks",
				);
				MARKETING_VERSION = 1.0;
				PRODUCT_BUNDLE_IDENTIFIER = com.sumit.ImdbSumit;
				PRODUCT_NAME = "$(TARGET_NAME)";
				SWIFT_EMIT_LOC_STRINGS = YES;
				SWIFT_VERSION = 5.0;
				TARGETED_DEVICE_FAMILY = "1,2";
			};
			name = Release;
		};
		952B0E1D29BA1F23000E94EA /* Debug */ = {
			isa = XCBuildConfiguration;
			buildSettings = {
				ALWAYS_EMBED_SWIFT_STANDARD_LIBRARIES = YES;
				BUNDLE_LOADER = "$(TEST_HOST)";
				CODE_SIGN_STYLE = Automatic;
				CURRENT_PROJECT_VERSION = 1;
				DEVELOPMENT_TEAM = 8RJZHK334B;
				GENERATE_INFOPLIST_FILE = YES;
				IPHONEOS_DEPLOYMENT_TARGET = 16.1;
				MARKETING_VERSION = 1.0;
				PRODUCT_BUNDLE_IDENTIFIER = com.sumit.ImdbSumitTests;
				PRODUCT_NAME = "$(TARGET_NAME)";
				SWIFT_EMIT_LOC_STRINGS = NO;
				SWIFT_VERSION = 5.0;
				TARGETED_DEVICE_FAMILY = "1,2";
				TEST_HOST = "$(BUILT_PRODUCTS_DIR)/ImdbSumit.app/$(BUNDLE_EXECUTABLE_FOLDER_PATH)/ImdbSumit";
			};
			name = Debug;
		};
		952B0E1E29BA1F23000E94EA /* Release */ = {
			isa = XCBuildConfiguration;
			buildSettings = {
				ALWAYS_EMBED_SWIFT_STANDARD_LIBRARIES = YES;
				BUNDLE_LOADER = "$(TEST_HOST)";
				CODE_SIGN_STYLE = Automatic;
				CURRENT_PROJECT_VERSION = 1;
				DEVELOPMENT_TEAM = 8RJZHK334B;
				GENERATE_INFOPLIST_FILE = YES;
				IPHONEOS_DEPLOYMENT_TARGET = 16.1;
				MARKETING_VERSION = 1.0;
				PRODUCT_BUNDLE_IDENTIFIER = com.sumit.ImdbSumitTests;
				PRODUCT_NAME = "$(TARGET_NAME)";
				SWIFT_EMIT_LOC_STRINGS = NO;
				SWIFT_VERSION = 5.0;
				TARGETED_DEVICE_FAMILY = "1,2";
				TEST_HOST = "$(BUILT_PRODUCTS_DIR)/ImdbSumit.app/$(BUNDLE_EXECUTABLE_FOLDER_PATH)/ImdbSumit";
			};
			name = Release;
		};
		952B0E2029BA1F23000E94EA /* Debug */ = {
			isa = XCBuildConfiguration;
			buildSettings = {
				ALWAYS_EMBED_SWIFT_STANDARD_LIBRARIES = YES;
				CODE_SIGN_STYLE = Automatic;
				CURRENT_PROJECT_VERSION = 1;
				DEVELOPMENT_TEAM = 8RJZHK334B;
				GENERATE_INFOPLIST_FILE = YES;
				MARKETING_VERSION = 1.0;
				PRODUCT_BUNDLE_IDENTIFIER = com.sumit.ImdbSumitUITests;
				PRODUCT_NAME = "$(TARGET_NAME)";
				SWIFT_EMIT_LOC_STRINGS = NO;
				SWIFT_VERSION = 5.0;
				TARGETED_DEVICE_FAMILY = "1,2";
				TEST_TARGET_NAME = ImdbSumit;
			};
			name = Debug;
		};
		952B0E2129BA1F23000E94EA /* Release */ = {
			isa = XCBuildConfiguration;
			buildSettings = {
				ALWAYS_EMBED_SWIFT_STANDARD_LIBRARIES = YES;
				CODE_SIGN_STYLE = Automatic;
				CURRENT_PROJECT_VERSION = 1;
				DEVELOPMENT_TEAM = 8RJZHK334B;
				GENERATE_INFOPLIST_FILE = YES;
				MARKETING_VERSION = 1.0;
				PRODUCT_BUNDLE_IDENTIFIER = com.sumit.ImdbSumitUITests;
				PRODUCT_NAME = "$(TARGET_NAME)";
				SWIFT_EMIT_LOC_STRINGS = NO;
				SWIFT_VERSION = 5.0;
				TARGETED_DEVICE_FAMILY = "1,2";
				TEST_TARGET_NAME = ImdbSumit;
			};
			name = Release;
		};
/* End XCBuildConfiguration section */

/* Begin XCConfigurationList section */
		952B0DEA29BA1F22000E94EA /* Build configuration list for PBXProject "ImdbSumit" */ = {
			isa = XCConfigurationList;
			buildConfigurations = (
				952B0E1729BA1F23000E94EA /* Debug */,
				952B0E1829BA1F23000E94EA /* Release */,
			);
			defaultConfigurationIsVisible = 0;
			defaultConfigurationName = Release;
		};
		952B0E1929BA1F23000E94EA /* Build configuration list for PBXNativeTarget "ImdbSumit" */ = {
			isa = XCConfigurationList;
			buildConfigurations = (
				952B0E1A29BA1F23000E94EA /* Debug */,
				952B0E1B29BA1F23000E94EA /* Release */,
			);
			defaultConfigurationIsVisible = 0;
			defaultConfigurationName = Release;
		};
		952B0E1C29BA1F23000E94EA /* Build configuration list for PBXNativeTarget "ImdbSumitTests" */ = {
			isa = XCConfigurationList;
			buildConfigurations = (
				952B0E1D29BA1F23000E94EA /* Debug */,
				952B0E1E29BA1F23000E94EA /* Release */,
			);
			defaultConfigurationIsVisible = 0;
			defaultConfigurationName = Release;
		};
		952B0E1F29BA1F23000E94EA /* Build configuration list for PBXNativeTarget "ImdbSumitUITests" */ = {
			isa = XCConfigurationList;
			buildConfigurations = (
				952B0E2029BA1F23000E94EA /* Debug */,
				952B0E2129BA1F23000E94EA /* Release */,
			);
			defaultConfigurationIsVisible = 0;
			defaultConfigurationName = Release;
		};
/* End XCConfigurationList section */
	};
	rootObject = 952B0DE729BA1F22000E94EA /* Project object */;
}
